
Microsoft Visual Studio Solution File, Format Version 12.00
# Visual Studio Version 17
VisualStudioVersion = 17.14.36414.22 d17.14
MinimumVisualStudioVersion = 10.0.40219.1
Project("{FAE04EC0-301F-11D3-BF4B-00C04F79EFBC}") = "MeebookConnector", "MeebookConnector\MeebookConnector.csproj", "{73FE5286-04F9-49B1-8B26-BE3936A5A916}"
EndProject
Global
	GlobalSection(SolutionConfigurationPlatforms) = preSolution
		Debug|Any CPU = Debug|Any CPU
		Release|Any CPU = Release|Any CPU
	EndGlobalSection
	GlobalSection(ProjectConfigurationPlatforms) = postSolution
		{73FE5286-04F9-49B1-8B26-BE3936A5A916}.Debug|Any CPU.ActiveCfg = Debug|Any CPU
		{73FE5286-04F9-49B1-8B26-BE3936A5A916}.Debug|Any CPU.Build.0 = Debug|Any CPU
		{73FE5286-04F9-49B1-8B26-BE3936A5A916}.Release|Any CPU.ActiveCfg = Release|Any CPU
		{73FE5286-04F9-49B1-8B26-BE3936A5A916}.Release|Any CPU.Build.0 = Release|Any CPU
	EndGlobalSection
	GlobalSection(SolutionProperties) = preSolution
		HideSolutionNode = FALSE
	EndGlobalSection
	GlobalSection(ExtensibilityGlobals) = postSolution
		SolutionGuid = {C7D32C63-FD67-4920-8FFC-E79416C9C3D4}
	EndGlobalSection
EndGlobal
